
Microsoft Visual Studio Solution File, Format Version 12.00
# Visual Studio Version 17
VisualStudioVersion = 17.13.35931.197
MinimumVisualStudioVersion = 10.0.40219.1
Project("{FAE04EC0-301F-11D3-BF4B-00C04F79EFBC}") = "Apos.Shapes", "Apos.Shapes\Source\Apos.Shapes.csproj", "{6F540F7B-8B0B-5D04-5190-670CC1355C64}"
EndProject
Project("{FAE04EC0-301F-11D3-BF4B-00C04F79EFBC}") = "Wires.Monogame", "Wires.Monogame\Wires.Monogame.csproj", "{212B71FA-68CE-4257-9D0F-978BDBE91A4F}"
EndProject
Project("{D954291E-2A0B-460D-934E-DC6B0785DB48}") = "Wires.Core", "Wires.Core\Wires.Core.shproj", "{232CEA0A-3250-4480-A114-292C0E25A2C4}"
EndProject
Project("{2150E333-8FDC-42A3-9474-1A3956D46DE8}") = "Paper.Core.Kni", "Paper.Core.Kni", "{02EA681E-C7D8-13C7-8484-4AC65E1B71E8}"
EndProject
Project("{2150E333-8FDC-42A3-9474-1A3956D46DE8}") = "Paper.Core", "Paper.Core", "{FD66BEE6-CD7B-45AB-AC08-86A7D0D3AC67}"
EndProject
Project("{FAE04EC0-301F-11D3-BF4B-00C04F79EFBC}") = "Paper.Core.UI", "Paper.Core\Paper.Core.UI\Paper.Core.UI.csproj", "{A2B028C3-BF32-749F-99CC-51540CE0F657}"
EndProject
Project("{FAE04EC0-301F-11D3-BF4B-00C04F79EFBC}") = "Paper.Core", "Paper.Core\Paper.Core\Paper.Core.csproj", "{1EB45FB1-8125-FBDE-AF67-996DEFE5C1BD}"
EndProject
Project("{FAE04EC0-301F-11D3-BF4B-00C04F79EFBC}") = "Wires.Kni", "Wires.Kni\Wires.Kni.csproj", "{A54FD6DC-89FC-4407-8C5B-A340FC790478}"
EndProject
Project("{FAE04EC0-301F-11D3-BF4B-00C04F79EFBC}") = "Paper.Core.UI.Kni", "Paper.Core\Kni\UI\Paper.Core.UI.Kni.csproj", "{DA261EC9-E371-363F-C3D2-12F871F7B0FE}"
EndProject
Project("{FAE04EC0-301F-11D3-BF4B-00C04F79EFBC}") = "Paper.Core.Kni", "Paper.Core\Kni\Core\Paper.Core.Kni.csproj", "{7A8993CA-932D-33B1-E810-1803229BA488}"
EndProject
Global
	GlobalSection(SolutionConfigurationPlatforms) = preSolution
		Debug|Any CPU = Debug|Any CPU
		Release|Any CPU = Release|Any CPU
	EndGlobalSection
	GlobalSection(ProjectConfigurationPlatforms) = postSolution
		{6F540F7B-8B0B-5D04-5190-670CC1355C64}.Debug|Any CPU.ActiveCfg = Debug|Any CPU
		{6F540F7B-8B0B-5D04-5190-670CC1355C64}.Debug|Any CPU.Build.0 = Debug|Any CPU
		{6F540F7B-8B0B-5D04-5190-670CC1355C64}.Release|Any CPU.ActiveCfg = Release|Any CPU
		{6F540F7B-8B0B-5D04-5190-670CC1355C64}.Release|Any CPU.Build.0 = Release|Any CPU
		{212B71FA-68CE-4257-9D0F-978BDBE91A4F}.Debug|Any CPU.ActiveCfg = Debug|Any CPU
		{212B71FA-68CE-4257-9D0F-978BDBE91A4F}.Debug|Any CPU.Build.0 = Debug|Any CPU
		{212B71FA-68CE-4257-9D0F-978BDBE91A4F}.Release|Any CPU.ActiveCfg = Release|Any CPU
		{212B71FA-68CE-4257-9D0F-978BDBE91A4F}.Release|Any CPU.Build.0 = Release|Any CPU
		{A2B028C3-BF32-749F-99CC-51540CE0F657}.Debug|Any CPU.ActiveCfg = Debug|Any CPU
		{A2B028C3-BF32-749F-99CC-51540CE0F657}.Debug|Any CPU.Build.0 = Debug|Any CPU
		{A2B028C3-BF32-749F-99CC-51540CE0F657}.Release|Any CPU.ActiveCfg = Release|Any CPU
		{A2B028C3-BF32-749F-99CC-51540CE0F657}.Release|Any CPU.Build.0 = Release|Any CPU
		{1EB45FB1-8125-FBDE-AF67-996DEFE5C1BD}.Debug|Any CPU.ActiveCfg = Debug|Any CPU
		{1EB45FB1-8125-FBDE-AF67-996DEFE5C1BD}.Debug|Any CPU.Build.0 = Debug|Any CPU
		{1EB45FB1-8125-FBDE-AF67-996DEFE5C1BD}.Release|Any CPU.ActiveCfg = Release|Any CPU
		{1EB45FB1-8125-FBDE-AF67-996DEFE5C1BD}.Release|Any CPU.Build.0 = Release|Any CPU
		{A54FD6DC-89FC-4407-8C5B-A340FC790478}.Debug|Any CPU.ActiveCfg = Debug|Any CPU
		{A54FD6DC-89FC-4407-8C5B-A340FC790478}.Debug|Any CPU.Build.0 = Debug|Any CPU
		{A54FD6DC-89FC-4407-8C5B-A340FC790478}.Release|Any CPU.ActiveCfg = Release|Any CPU
		{A54FD6DC-89FC-4407-8C5B-A340FC790478}.Release|Any CPU.Build.0 = Release|Any CPU
		{DA261EC9-E371-363F-C3D2-12F871F7B0FE}.Debug|Any CPU.ActiveCfg = Debug|Any CPU
		{DA261EC9-E371-363F-C3D2-12F871F7B0FE}.Debug|Any CPU.Build.0 = Debug|Any CPU
		{DA261EC9-E371-363F-C3D2-12F871F7B0FE}.Release|Any CPU.ActiveCfg = Release|Any CPU
		{DA261EC9-E371-363F-C3D2-12F871F7B0FE}.Release|Any CPU.Build.0 = Release|Any CPU
		{7A8993CA-932D-33B1-E810-1803229BA488}.Debug|Any CPU.ActiveCfg = Debug|Any CPU
		{7A8993CA-932D-33B1-E810-1803229BA488}.Debug|Any CPU.Build.0 = Debug|Any CPU
		{7A8993CA-932D-33B1-E810-1803229BA488}.Release|Any CPU.ActiveCfg = Release|Any CPU
		{7A8993CA-932D-33B1-E810-1803229BA488}.Release|Any CPU.Build.0 = Release|Any CPU
	EndGlobalSection
	GlobalSection(SolutionProperties) = preSolution
		HideSolutionNode = FALSE
	EndGlobalSection
	GlobalSection(NestedProjects) = preSolution
		{6F540F7B-8B0B-5D04-5190-670CC1355C64} = {02EA681E-C7D8-13C7-8484-4AC65E1B71E8}
		{A2B028C3-BF32-749F-99CC-51540CE0F657} = {FD66BEE6-CD7B-45AB-AC08-86A7D0D3AC67}
		{1EB45FB1-8125-FBDE-AF67-996DEFE5C1BD} = {FD66BEE6-CD7B-45AB-AC08-86A7D0D3AC67}
		{DA261EC9-E371-363F-C3D2-12F871F7B0FE} = {02EA681E-C7D8-13C7-8484-4AC65E1B71E8}
		{7A8993CA-932D-33B1-E810-1803229BA488} = {02EA681E-C7D8-13C7-8484-4AC65E1B71E8}
	EndGlobalSection
	GlobalSection(ExtensibilityGlobals) = postSolution
		SolutionGuid = {70323C52-827C-4732-8D42-579B0C5C885E}
	EndGlobalSection
	GlobalSection(SharedMSBuildProjectFiles) = preSolution
		Wires.Core\Wires.Core.projitems*{212b71fa-68ce-4257-9d0f-978bdbe91a4f}*SharedItemsImports = 5
		Wires.Core\Wires.Core.projitems*{232cea0a-3250-4480-a114-292c0e25a2c4}*SharedItemsImports = 13
		Wires.Core\Wires.Core.projitems*{a54fd6dc-89fc-4407-8c5b-a340fc790478}*SharedItemsImports = 5
	EndGlobalSection
EndGlobal
